
Microsoft Visual Studio Solution File, Format Version 12.00
# Visual Studio Version 17
VisualStudioVersion = 17.3.32825.248
MinimumVisualStudioVersion = 10.0.40219.1
Project("{FAE04EC0-301F-11D3-BF4B-00C04F79EFBC}") = "EFCore.Practice.Domain", "EFCore.Practice.Domain\EFCore.Practice.Domain.csproj", "{0B7F035C-C92A-416A-ADDF-830D486551CC}"
EndProject
Project("{FAE04EC0-301F-11D3-BF4B-00C04F79EFBC}") = "EFCore.Practice.DataAccess", "EFCore.Practice.DataAccess\EFCore.Practice.DataAccess.csproj", "{90710402-84C4-41F6-9329-91CCFBF4FAA3}"
EndProject
Global
	GlobalSection(SolutionConfigurationPlatforms) = preSolution
		Debug|Any CPU = Debug|Any CPU
		Release|Any CPU = Release|Any CPU
	EndGlobalSection
	GlobalSection(ProjectConfigurationPlatforms) = postSolution
		{0B7F035C-C92A-416A-ADDF-830D486551CC}.Debug|Any CPU.ActiveCfg = Debug|Any CPU
		{0B7F035C-C92A-416A-ADDF-830D486551CC}.Debug|Any CPU.Build.0 = Debug|Any CPU
		{0B7F035C-C92A-416A-ADDF-830D486551CC}.Release|Any CPU.ActiveCfg = Release|Any CPU
		{0B7F035C-C92A-416A-ADDF-830D486551CC}.Release|Any CPU.Build.0 = Release|Any CPU
		{90710402-84C4-41F6-9329-91CCFBF4FAA3}.Debug|Any CPU.ActiveCfg = Debug|Any CPU
		{90710402-84C4-41F6-9329-91CCFBF4FAA3}.Debug|Any CPU.Build.0 = Debug|Any CPU
		{90710402-84C4-41F6-9329-91CCFBF4FAA3}.Release|Any CPU.ActiveCfg = Release|Any CPU
		{90710402-84C4-41F6-9329-91CCFBF4FAA3}.Release|Any CPU.Build.0 = Release|Any CPU
	EndGlobalSection
	GlobalSection(SolutionProperties) = preSolution
		HideSolutionNode = FALSE
	EndGlobalSection
	GlobalSection(ExtensibilityGlobals) = postSolution
		SolutionGuid = {51FD37DC-83DA-4846-A007-40AFCEEE0DB1}
	EndGlobalSection
EndGlobal
